
Microsoft Visual Studio Solution File, Format Version 12.00
# Visual Studio Version 17
VisualStudioVersion = 17.7.34302.85
MinimumVisualStudioVersion = 10.0.40219.1
Project("{FAE04EC0-301F-11D3-BF4B-00C04F79EFBC}") = "TFTIC_OO_ExoSupp_Delegue", "TFTIC_OO_ExoSupp_Delegue\TFTIC_OO_ExoSupp_Delegue.csproj", "{1FB16DBB-1AE4-4F31-B4E2-CF827019B981}"
EndProject
Global
	GlobalSection(SolutionConfigurationPlatforms) = preSolution
		Debug|Any CPU = Debug|Any CPU
		Release|Any CPU = Release|Any CPU
	EndGlobalSection
	GlobalSection(ProjectConfigurationPlatforms) = postSolution
		{1FB16DBB-1AE4-4F31-B4E2-CF827019B981}.Debug|Any CPU.ActiveCfg = Debug|Any CPU
		{1FB16DBB-1AE4-4F31-B4E2-CF827019B981}.Debug|Any CPU.Build.0 = Debug|Any CPU
		{1FB16DBB-1AE4-4F31-B4E2-CF827019B981}.Release|Any CPU.ActiveCfg = Release|Any CPU
		{1FB16DBB-1AE4-4F31-B4E2-CF827019B981}.Release|Any CPU.Build.0 = Release|Any CPU
	EndGlobalSection
	GlobalSection(SolutionProperties) = preSolution
		HideSolutionNode = FALSE
	EndGlobalSection
	GlobalSection(ExtensibilityGlobals) = postSolution
		SolutionGuid = {C66B1A8F-77FB-451A-976A-147663E48057}
	EndGlobalSection
EndGlobal
